
Microsoft Visual Studio Solution File, Format Version 12.00
# Visual Studio 14
VisualStudioVersion = 14.0.25420.1
MinimumVisualStudioVersion = 10.0.40219.1
Project("{FAE04EC0-301F-11D3-BF4B-00C04F79EFBC}") = "RoechlingEquipment", "RoechlingEquipment\RoechlingEquipment.csproj", "{D631C16D-655A-472B-88B7-F0088DC2DB93}"
EndProject
Project("{FAE04EC0-301F-11D3-BF4B-00C04F79EFBC}") = "Business", "Business\Business.csproj", "{CFF99E6B-9D1F-4C42-B040-16CE8B0F856C}"
EndProject
Project("{FAE04EC0-301F-11D3-BF4B-00C04F79EFBC}") = "DataAccess", "DataAccess\DataAccess.csproj", "{63DAA1EA-CFDD-42D9-A618-B5C9F60F91C4}"
EndProject
Project("{FAE04EC0-301F-11D3-BF4B-00C04F79EFBC}") = "Model", "Model\Model.csproj", "{2F4684B7-50A1-4AE2-882F-C28239FCE44A}"
EndProject
Project("{FAE04EC0-301F-11D3-BF4B-00C04F79EFBC}") = "Common", "Common\Common.csproj", "{3E54E17D-031A-4AC6-80D1-02DC298263DF}"
EndProject
Project("{FAE04EC0-301F-11D3-BF4B-00C04F79EFBC}") = "Resources", "Resources\Resources.csproj", "{7E9BE478-5FE9-415B-B64C-0C4413C6DB0C}"
EndProject
Project("{FAE04EC0-301F-11D3-BF4B-00C04F79EFBC}") = "BatchJob", "BatchJob\BatchJob.csproj", "{CCD27C66-D425-4CEB-B8C6-7A339D3DAC7D}"
EndProject
Global
	GlobalSection(SolutionConfigurationPlatforms) = preSolution
		Debug|Any CPU = Debug|Any CPU
		Release|Any CPU = Release|Any CPU
	EndGlobalSection
	GlobalSection(ProjectConfigurationPlatforms) = postSolution
		{D631C16D-655A-472B-88B7-F0088DC2DB93}.Debug|Any CPU.ActiveCfg = Debug|Any CPU
		{D631C16D-655A-472B-88B7-F0088DC2DB93}.Debug|Any CPU.Build.0 = Debug|Any CPU
		{D631C16D-655A-472B-88B7-F0088DC2DB93}.Release|Any CPU.ActiveCfg = Release|Any CPU
		{D631C16D-655A-472B-88B7-F0088DC2DB93}.Release|Any CPU.Build.0 = Release|Any CPU
		{CFF99E6B-9D1F-4C42-B040-16CE8B0F856C}.Debug|Any CPU.ActiveCfg = Debug|Any CPU
		{CFF99E6B-9D1F-4C42-B040-16CE8B0F856C}.Debug|Any CPU.Build.0 = Debug|Any CPU
		{CFF99E6B-9D1F-4C42-B040-16CE8B0F856C}.Release|Any CPU.ActiveCfg = Release|Any CPU
		{CFF99E6B-9D1F-4C42-B040-16CE8B0F856C}.Release|Any CPU.Build.0 = Release|Any CPU
		{63DAA1EA-CFDD-42D9-A618-B5C9F60F91C4}.Debug|Any CPU.ActiveCfg = Debug|Any CPU
		{63DAA1EA-CFDD-42D9-A618-B5C9F60F91C4}.Debug|Any CPU.Build.0 = Debug|Any CPU
		{63DAA1EA-CFDD-42D9-A618-B5C9F60F91C4}.Release|Any CPU.ActiveCfg = Release|Any CPU
		{63DAA1EA-CFDD-42D9-A618-B5C9F60F91C4}.Release|Any CPU.Build.0 = Release|Any CPU
		{2F4684B7-50A1-4AE2-882F-C28239FCE44A}.Debug|Any CPU.ActiveCfg = Debug|Any CPU
		{2F4684B7-50A1-4AE2-882F-C28239FCE44A}.Debug|Any CPU.Build.0 = Debug|Any CPU
		{2F4684B7-50A1-4AE2-882F-C28239FCE44A}.Release|Any CPU.ActiveCfg = Release|Any CPU
		{2F4684B7-50A1-4AE2-882F-C28239FCE44A}.Release|Any CPU.Build.0 = Release|Any CPU
		{3E54E17D-031A-4AC6-80D1-02DC298263DF}.Debug|Any CPU.ActiveCfg = Debug|Any CPU
		{3E54E17D-031A-4AC6-80D1-02DC298263DF}.Debug|Any CPU.Build.0 = Debug|Any CPU
		{3E54E17D-031A-4AC6-80D1-02DC298263DF}.Release|Any CPU.ActiveCfg = Release|Any CPU
		{3E54E17D-031A-4AC6-80D1-02DC298263DF}.Release|Any CPU.Build.0 = Release|Any CPU
		{7E9BE478-5FE9-415B-B64C-0C4413C6DB0C}.Debug|Any CPU.ActiveCfg = Debug|Any CPU
		{7E9BE478-5FE9-415B-B64C-0C4413C6DB0C}.Debug|Any CPU.Build.0 = Debug|Any CPU
		{7E9BE478-5FE9-415B-B64C-0C4413C6DB0C}.Release|Any CPU.ActiveCfg = Release|Any CPU
		{7E9BE478-5FE9-415B-B64C-0C4413C6DB0C}.Release|Any CPU.Build.0 = Release|Any CPU
		{CCD27C66-D425-4CEB-B8C6-7A339D3DAC7D}.Debug|Any CPU.ActiveCfg = Debug|Any CPU
		{CCD27C66-D425-4CEB-B8C6-7A339D3DAC7D}.Debug|Any CPU.Build.0 = Debug|Any CPU
		{CCD27C66-D425-4CEB-B8C6-7A339D3DAC7D}.Release|Any CPU.ActiveCfg = Release|Any CPU
		{CCD27C66-D425-4CEB-B8C6-7A339D3DAC7D}.Release|Any CPU.Build.0 = Release|Any CPU
	EndGlobalSection
	GlobalSection(SolutionProperties) = preSolution
		HideSolutionNode = FALSE
	EndGlobalSection
	GlobalSection(ExtensibilityGlobals) = postSolution
		SolutionGuid = {F7390969-BD85-407B-87E3-9D4CD3FF95F5}
	EndGlobalSection
EndGlobal
